
Microsoft Visual Studio Solution File, Format Version 12.00
# Visual Studio Version 17
VisualStudioVersion = 17.2.32516.85
MinimumVisualStudioVersion = 10.0.40219.1
Project("{FAE04EC0-301F-11D3-BF4B-00C04F79EFBC}") = "SwitchStatements", "SwitchStatements\SwitchStatements.csproj", "{BFC843E6-3DAF-4939-A81B-7B6DC686E9C5}"
EndProject
Global
	GlobalSection(SolutionConfigurationPlatforms) = preSolution
		Debug|Any CPU = Debug|Any CPU
		Release|Any CPU = Release|Any CPU
	EndGlobalSection
	GlobalSection(ProjectConfigurationPlatforms) = postSolution
		{BFC843E6-3DAF-4939-A81B-7B6DC686E9C5}.Debug|Any CPU.ActiveCfg = Debug|Any CPU
		{BFC843E6-3DAF-4939-A81B-7B6DC686E9C5}.Debug|Any CPU.Build.0 = Debug|Any CPU
		{BFC843E6-3DAF-4939-A81B-7B6DC686E9C5}.Release|Any CPU.ActiveCfg = Release|Any CPU
		{BFC843E6-3DAF-4939-A81B-7B6DC686E9C5}.Release|Any CPU.Build.0 = Release|Any CPU
	EndGlobalSection
	GlobalSection(SolutionProperties) = preSolution
		HideSolutionNode = FALSE
	EndGlobalSection
	GlobalSection(ExtensibilityGlobals) = postSolution
		SolutionGuid = {E606E76F-462D-4165-904E-7A431EDE054F}
	EndGlobalSection
EndGlobal
